<Solution>
  <Folder Name="/Refs/">
    <Project Path="src/a2a-dotnet/src/A2A.AspNetCore/A2A.AspNetCore.csproj" />
    <Project Path="src/a2a-dotnet/src/A2A/A2A.csproj" />
  </Folder>
  <Folder Name="/Solution Items/">
    <File Path=".editorconfig" />
    <File Path=".gitignore" />
    <File Path="app.http" />
    <File Path="Directory.Packages.props" />
    <File Path="global.json" />
    <File Path="LICENSE" />
    <File Path="nuget.config" />
    <File Path="README.md" />
  </Folder>
  <Project Path="src/AppHost/AppHost.csproj" Id="6fa56cf5-357b-4533-bc94-b440599d677c" />
  <Project Path="src/BaristaService/BaristaService.csproj" Id="9a445033-1195-4525-b759-c6d327db8eed" />
  <Project Path="src/CounterService/CounterService.csproj" Id="8fdefb0e-a8c9-47be-9598-17bac58a4d25" />
  <Project Path="src/KitchenService/KitchenService.csproj" Id="592d052d-5a1b-448d-b94e-51481d33fbd7" />
  <Project Path="src/ProductCatalogService/ProductCatalogService.csproj" Id="06976d3a-1bcf-4fcc-8131-43ea53d95298" />
  <Project Path="src/ServiceDefaults/ServiceDefaults.csproj" Id="c2e4647f-53d9-4571-978d-af77987d95fa" />
</Solution>
